
Microsoft Visual Studio Solution File, Format Version 12.00
# Visual Studio Version 16
VisualStudioVersion = 16.0.31129.286
MinimumVisualStudioVersion = 10.0.40219.1
Project("{9A19103F-16F7-4668-BE54-9A1E7A4F7556}") = "ConsoleApp1", "ConsoleApp1\ConsoleApp1.csproj", "{D76A7E91-D323-497D-8478-CD49195240CC}"
	ProjectSection(ProjectDependencies) = postProject
		{50A6E3B3-D1CF-4644-A087-1E644438E4D9} = {50A6E3B3-D1CF-4644-A087-1E644438E4D9}
	EndProjectSection
EndProject
Project("{9A19103F-16F7-4668-BE54-9A1E7A4F7556}") = "Shared", "..\Shared\Shared\Shared.csproj", "{50A6E3B3-D1CF-4644-A087-1E644438E4D9}"
EndProject
Project("{FAE04EC0-301F-11D3-BF4B-00C04F79EFBC}") = "WebApplication1", "..\WebApplication1\WebApplication1.csproj", "{71E2E037-5B11-4A54-9FA4-A6D791E2626C}"
EndProject
Global
	GlobalSection(SolutionConfigurationPlatforms) = preSolution
		Debug|Any CPU = Debug|Any CPU
		Release|Any CPU = Release|Any CPU
	EndGlobalSection
	GlobalSection(ProjectConfigurationPlatforms) = postSolution
		{D76A7E91-D323-497D-8478-CD49195240CC}.Debug|Any CPU.ActiveCfg = Debug|Any CPU
		{D76A7E91-D323-497D-8478-CD49195240CC}.Debug|Any CPU.Build.0 = Debug|Any CPU
		{D76A7E91-D323-497D-8478-CD49195240CC}.Release|Any CPU.ActiveCfg = Release|Any CPU
		{D76A7E91-D323-497D-8478-CD49195240CC}.Release|Any CPU.Build.0 = Release|Any CPU
		{50A6E3B3-D1CF-4644-A087-1E644438E4D9}.Debug|Any CPU.ActiveCfg = Debug|Any CPU
		{50A6E3B3-D1CF-4644-A087-1E644438E4D9}.Debug|Any CPU.Build.0 = Debug|Any CPU
		{50A6E3B3-D1CF-4644-A087-1E644438E4D9}.Release|Any CPU.ActiveCfg = Release|Any CPU
		{50A6E3B3-D1CF-4644-A087-1E644438E4D9}.Release|Any CPU.Build.0 = Release|Any CPU
		{71E2E037-5B11-4A54-9FA4-A6D791E2626C}.Debug|Any CPU.ActiveCfg = Debug|Any CPU
		{71E2E037-5B11-4A54-9FA4-A6D791E2626C}.Debug|Any CPU.Build.0 = Debug|Any CPU
		{71E2E037-5B11-4A54-9FA4-A6D791E2626C}.Release|Any CPU.ActiveCfg = Release|Any CPU
		{71E2E037-5B11-4A54-9FA4-A6D791E2626C}.Release|Any CPU.Build.0 = Release|Any CPU
	EndGlobalSection
	GlobalSection(SolutionProperties) = preSolution
		HideSolutionNode = FALSE
	EndGlobalSection
	GlobalSection(ExtensibilityGlobals) = postSolution
		SolutionGuid = {33B1D4A7-548D-4154-A949-1252E14912BC}
	EndGlobalSection
EndGlobal
